
Microsoft Visual Studio Solution File, Format Version 12.00
# Visual Studio Version 16
VisualStudioVersion = 16.0.31729.503
MinimumVisualStudioVersion = 10.0.40219.1
Project("{FAE04EC0-301F-11D3-BF4B-00C04F79EFBC}") = "ProjetMVC", "ProjetMVC.csproj", "{9BD3E073-7085-4B6F-988D-6C6137AE1C57}"
EndProject
Global
	GlobalSection(SolutionConfigurationPlatforms) = preSolution
		Debug|Any CPU = Debug|Any CPU
		Release|Any CPU = Release|Any CPU
	EndGlobalSection
	GlobalSection(ProjectConfigurationPlatforms) = postSolution
		{9BD3E073-7085-4B6F-988D-6C6137AE1C57}.Debug|Any CPU.ActiveCfg = Debug|Any CPU
		{9BD3E073-7085-4B6F-988D-6C6137AE1C57}.Debug|Any CPU.Build.0 = Debug|Any CPU
		{9BD3E073-7085-4B6F-988D-6C6137AE1C57}.Release|Any CPU.ActiveCfg = Release|Any CPU
		{9BD3E073-7085-4B6F-988D-6C6137AE1C57}.Release|Any CPU.Build.0 = Release|Any CPU
	EndGlobalSection
	GlobalSection(SolutionProperties) = preSolution
		HideSolutionNode = FALSE
	EndGlobalSection
	GlobalSection(ExtensibilityGlobals) = postSolution
		SolutionGuid = {7EEE8EE2-FAF9-4CC2-A5EB-DB1C139FB5C0}
	EndGlobalSection
EndGlobal
